
Microsoft Visual Studio Solution File, Format Version 12.00
# Visual Studio Version 17
VisualStudioVersion = 17.2.32616.157
MinimumVisualStudioVersion = 10.0.40219.1
Project("{9A19103F-16F7-4668-BE54-9A1E7A4F7556}") = "CarWashApp", "CarWashApp.csproj", "{CF5FC559-2D4B-4796-8781-9801A6ABDDD0}"
EndProject
Project("{FAE04EC0-301F-11D3-BF4B-00C04F79EFBC}") = "CarWashApp.Tests", "..\CarWashApp.Tests\CarWashApp.Tests.csproj", "{5CA1225C-AB07-457D-A6C1-F6230233678B}"
EndProject
Global
	GlobalSection(SolutionConfigurationPlatforms) = preSolution
		Debug|Any CPU = Debug|Any CPU
		Release|Any CPU = Release|Any CPU
	EndGlobalSection
	GlobalSection(ProjectConfigurationPlatforms) = postSolution
		{CF5FC559-2D4B-4796-8781-9801A6ABDDD0}.Debug|Any CPU.ActiveCfg = Debug|Any CPU
		{CF5FC559-2D4B-4796-8781-9801A6ABDDD0}.Debug|Any CPU.Build.0 = Debug|Any CPU
		{CF5FC559-2D4B-4796-8781-9801A6ABDDD0}.Release|Any CPU.ActiveCfg = Release|Any CPU
		{CF5FC559-2D4B-4796-8781-9801A6ABDDD0}.Release|Any CPU.Build.0 = Release|Any CPU
		{5CA1225C-AB07-457D-A6C1-F6230233678B}.Debug|Any CPU.ActiveCfg = Debug|Any CPU
		{5CA1225C-AB07-457D-A6C1-F6230233678B}.Debug|Any CPU.Build.0 = Debug|Any CPU
		{5CA1225C-AB07-457D-A6C1-F6230233678B}.Release|Any CPU.ActiveCfg = Release|Any CPU
		{5CA1225C-AB07-457D-A6C1-F6230233678B}.Release|Any CPU.Build.0 = Release|Any CPU
	EndGlobalSection
	GlobalSection(SolutionProperties) = preSolution
		HideSolutionNode = FALSE
	EndGlobalSection
	GlobalSection(ExtensibilityGlobals) = postSolution
		SolutionGuid = {DBFB9AFE-79D0-4D54-A4C3-E062808A1029}
	EndGlobalSection
EndGlobal
